{
  "lockfileVersion": 1,
  "configVersion": 1,
  "workspaces": {
    "": {
      "name": "clankerwatch",
      "devDependencies": {
        "portless": "^0.13.1",
      },
    },
  },
  "packages": {
    "portless": ["portless@0.13.1", "", { "os": [ "linux", "win32", "darwin", ], "bin": { "portless": "dist/cli.js" } }, "sha512-1B+8Xd4tB1gOIkRHOUEi/LCOp8PIxUsL3ACBX5G2UkKw25TSRNUqAlQcBGxweJgdXb9DPQFX5utKLRUzPFhMnA=="],
  }
}
